
Microsoft Visual Studio Solution File, Format Version 12.00
# Visual Studio 15
VisualStudioVersion = 15.0.28307.421
MinimumVisualStudioVersion = 10.0.40219.1
Project("{FAE04EC0-301F-11D3-BF4B-00C04F79EFBC}") = "LoveCalculator", "LoveCalculator\LoveCalculator.csproj", "{2A05F2C3-5FB9-437B-B1FD-5ACA51FEE275}"
EndProject
Global
	GlobalSection(SolutionConfigurationPlatforms) = preSolution
		Debug|Any CPU = Debug|Any CPU
		Release|Any CPU = Release|Any CPU
	EndGlobalSection
	GlobalSection(ProjectConfigurationPlatforms) = postSolution
		{2A05F2C3-5FB9-437B-B1FD-5ACA51FEE275}.Debug|Any CPU.ActiveCfg = Debug|Any CPU
		{2A05F2C3-5FB9-437B-B1FD-5ACA51FEE275}.Debug|Any CPU.Build.0 = Debug|Any CPU
		{2A05F2C3-5FB9-437B-B1FD-5ACA51FEE275}.Release|Any CPU.ActiveCfg = Release|Any CPU
		{2A05F2C3-5FB9-437B-B1FD-5ACA51FEE275}.Release|Any CPU.Build.0 = Release|Any CPU
	EndGlobalSection
	GlobalSection(SolutionProperties) = preSolution
		HideSolutionNode = FALSE
	EndGlobalSection
	GlobalSection(ExtensibilityGlobals) = postSolution
		SolutionGuid = {8F48F21B-E513-409F-9D0B-6301500317F1}
	EndGlobalSection
EndGlobal
