
Microsoft Visual Studio Solution File, Format Version 12.00
# Visual Studio Version 17
VisualStudioVersion = 17.14.36518.9 d17.14
MinimumVisualStudioVersion = 10.0.40219.1
Project("{FAE04EC0-301F-11D3-BF4B-00C04F79EFBC}") = "MultiplicationTable", "MultiplicationTable.csproj", "{24255D2B-D0C5-4D96-A23C-9F9C5779C43A}"
EndProject
Global
	GlobalSection(SolutionConfigurationPlatforms) = preSolution
		Debug|Any CPU = Debug|Any CPU
		Release|Any CPU = Release|Any CPU
	EndGlobalSection
	GlobalSection(ProjectConfigurationPlatforms) = postSolution
		{24255D2B-D0C5-4D96-A23C-9F9C5779C43A}.Debug|Any CPU.ActiveCfg = Debug|Any CPU
		{24255D2B-D0C5-4D96-A23C-9F9C5779C43A}.Debug|Any CPU.Build.0 = Debug|Any CPU
		{24255D2B-D0C5-4D96-A23C-9F9C5779C43A}.Release|Any CPU.ActiveCfg = Release|Any CPU
		{24255D2B-D0C5-4D96-A23C-9F9C5779C43A}.Release|Any CPU.Build.0 = Release|Any CPU
	EndGlobalSection
	GlobalSection(SolutionProperties) = preSolution
		HideSolutionNode = FALSE
	EndGlobalSection
	GlobalSection(ExtensibilityGlobals) = postSolution
		SolutionGuid = {959AD2A2-9E24-4257-8F74-D102DF84CC68}
	EndGlobalSection
EndGlobal
