
Microsoft Visual Studio Solution File, Format Version 12.00
# Visual Studio Version 17
VisualStudioVersion = 17.14.36518.9 d17.14
MinimumVisualStudioVersion = 10.0.40219.1
Project("{FAE04EC0-301F-11D3-BF4B-00C04F79EFBC}") = "HelloWorld", "HelloWorld.csproj", "{89649637-B47A-4147-B54E-0DE66D078245}"
EndProject
Global
	GlobalSection(SolutionConfigurationPlatforms) = preSolution
		Debug|Any CPU = Debug|Any CPU
		Release|Any CPU = Release|Any CPU
	EndGlobalSection
	GlobalSection(ProjectConfigurationPlatforms) = postSolution
		{89649637-B47A-4147-B54E-0DE66D078245}.Debug|Any CPU.ActiveCfg = Debug|Any CPU
		{89649637-B47A-4147-B54E-0DE66D078245}.Debug|Any CPU.Build.0 = Debug|Any CPU
		{89649637-B47A-4147-B54E-0DE66D078245}.Release|Any CPU.ActiveCfg = Release|Any CPU
		{89649637-B47A-4147-B54E-0DE66D078245}.Release|Any CPU.Build.0 = Release|Any CPU
	EndGlobalSection
	GlobalSection(SolutionProperties) = preSolution
		HideSolutionNode = FALSE
	EndGlobalSection
	GlobalSection(ExtensibilityGlobals) = postSolution
		SolutionGuid = {5DA13C7C-4BAE-408D-BAAF-714CCE81AC75}
	EndGlobalSection
EndGlobal
