
Microsoft Visual Studio Solution File, Format Version 12.00
# Visual Studio Version 17
VisualStudioVersion = 17.14.36518.9 d17.14
MinimumVisualStudioVersion = 10.0.40219.1
Project("{FAE04EC0-301F-11D3-BF4B-00C04F79EFBC}") = "PrimeNumberChecker", "PrimeNumberChecker.csproj", "{E18C494F-5EC1-48DB-A1D7-5177D3DB1B10}"
EndProject
Global
	GlobalSection(SolutionConfigurationPlatforms) = preSolution
		Debug|Any CPU = Debug|Any CPU
		Release|Any CPU = Release|Any CPU
	EndGlobalSection
	GlobalSection(ProjectConfigurationPlatforms) = postSolution
		{E18C494F-5EC1-48DB-A1D7-5177D3DB1B10}.Debug|Any CPU.ActiveCfg = Debug|Any CPU
		{E18C494F-5EC1-48DB-A1D7-5177D3DB1B10}.Debug|Any CPU.Build.0 = Debug|Any CPU
		{E18C494F-5EC1-48DB-A1D7-5177D3DB1B10}.Release|Any CPU.ActiveCfg = Release|Any CPU
		{E18C494F-5EC1-48DB-A1D7-5177D3DB1B10}.Release|Any CPU.Build.0 = Release|Any CPU
	EndGlobalSection
	GlobalSection(SolutionProperties) = preSolution
		HideSolutionNode = FALSE
	EndGlobalSection
	GlobalSection(ExtensibilityGlobals) = postSolution
		SolutionGuid = {4987DE9F-511F-4AD8-9B3B-A68A7D9F876C}
	EndGlobalSection
EndGlobal
